
Microsoft Visual Studio Solution File, Format Version 12.00
# Visual Studio Version 17
VisualStudioVersion = 17.5.33530.505
MinimumVisualStudioVersion = 10.0.40219.1
Project("{FAE04EC0-301F-11D3-BF4B-00C04F79EFBC}") = "carswebapp", "carswebapp.csproj", "{29233361-5414-401B-9C46-09E37BAD7111}"
EndProject
Global
	GlobalSection(SolutionConfigurationPlatforms) = preSolution
		Debug|Any CPU = Debug|Any CPU
		Release|Any CPU = Release|Any CPU
	EndGlobalSection
	GlobalSection(ProjectConfigurationPlatforms) = postSolution
		{29233361-5414-401B-9C46-09E37BAD7111}.Debug|Any CPU.ActiveCfg = Debug|Any CPU
		{29233361-5414-401B-9C46-09E37BAD7111}.Debug|Any CPU.Build.0 = Debug|Any CPU
		{29233361-5414-401B-9C46-09E37BAD7111}.Release|Any CPU.ActiveCfg = Release|Any CPU
		{29233361-5414-401B-9C46-09E37BAD7111}.Release|Any CPU.Build.0 = Release|Any CPU
	EndGlobalSection
	GlobalSection(SolutionProperties) = preSolution
		HideSolutionNode = FALSE
	EndGlobalSection
	GlobalSection(ExtensibilityGlobals) = postSolution
		SolutionGuid = {D286D60F-12B9-485C-B2F8-9E4D28D0EFF0}
	EndGlobalSection
EndGlobal
